// !$*UTF8*$!
{
	archiveVersion = 1;
	classes = {
	};
	objectVersion = 46;
	objects = {

/* Begin PBXBuildFile section */
		C0A315E91D41C66F00C1F2A2 /* AppDelegate.swift in Sources */ = {isa = PBXBuildFile; fileRef = C0A315E81D41C66F00C1F2A2 /* AppDelegate.swift */; };
		C0A315EB1D41C66F00C1F2A2 /* ViewController.swift in Sources */ = {isa = PBXBuildFile; fileRef = C0A315EA1D41C66F00C1F2A2 /* ViewController.swift */; };
		C0A315EE1D41C66F00C1F2A2 /* Main.storyboard in Resources */ = {isa = PBXBuildFile; fileRef = C0A315EC1D41C66F00C1F2A2 /* Main.storyboard */; };
		C0A315F01D41C66F00C1F2A2 /* Assets.xcassets in Resources */ = {isa = PBXBuildFile; fileRef = C0A315EF1D41C66F00C1F2A2 /* Assets.xcassets */; };
		C0A315F31D41C66F00C1F2A2 /* LaunchScreen.storyboard in Resources */ = {isa = PBXBuildFile; fileRef = C0A315F11D41C66F00C1F2A2 /* LaunchScreen.storyboard */; };
		C0A316171D41C69200C1F2A2 /* AnimatedCheckButton.swift in Sources */ = {isa = PBXBuildFile; fileRef = C0A316161D41C69200C1F2A2 /* AnimatedCheckButton.swift */; };
/* End PBXBuildFile section */

/* Begin PBXFileReference section */
		C0A315E51D41C66F00C1F2A2 /* AnimatedCheckButton.app */ = {isa = PBXFileReference; explicitFileType = wrapper.application; includeInIndex = 0; path = AnimatedCheckButton.app; sourceTree = BUILT_PRODUCTS_DIR; };
		C0A315E81D41C66F00C1F2A2 /* AppDelegate.swift */ = {isa = PBXFileReference; lastKnownFileType = sourcecode.swift; path = AppDelegate.swift; sourceTree = "<group>"; };
		C0A315EA1D41C66F00C1F2A2 /* ViewController.swift */ = {isa = PBXFileReference; lastKnownFileType = sourcecode.swift; path = ViewController.swift; sourceTree = "<group>"; };
		C0A315ED1D41C66F00C1F2A2 /* Base */ = {isa = PBXFileReference; lastKnownFileType = file.storyboard; name = Base; path = Base.lproj/Main.storyboard; sourceTree = "<group>"; };
		C0A315EF1D41C66F00C1F2A2 /* Assets.xcassets */ = {isa = PBXFileReference; lastKnownFileType = folder.assetcatalog; path = Assets.xcassets; sourceTree = "<group>"; };
		C0A315F21D41C66F00C1F2A2 /* Base */ = {isa = PBXFileReference; lastKnownFileType = file.storyboard; name = Base; path = Base.lproj/LaunchScreen.storyboard; sourceTree = "<group>"; };
		C0A315F41D41C66F00C1F2A2 /* Info.plist */ = {isa = PBXFileReference; lastKnownFileType = text.plist.xml; path = Info.plist; sourceTree = "<group>"; };
		C0A316161D41C69200C1F2A2 /* AnimatedCheckButton.swift */ = {isa = PBXFileReference; fileEncoding = 4; lastKnownFileType = sourcecode.swift; name = AnimatedCheckButton.swift; path = ../AnimatedCheckButton/AnimatedCheckButton.swift; sourceTree = "<group>"; };
/* End PBXFileReference section */

/* Begin PBXFrameworksBuildPhase section */
		C0A315E21D41C66F00C1F2A2 /* Frameworks */ = {
			isa = PBXFrameworksBuildPhase;
			buildActionMask = 2147483647;
			files = (
			);
			runOnlyForDeploymentPostprocessing = 0;
		};
/* End PBXFrameworksBuildPhase section */

/* Begin PBXGroup section */
		C04057B01D45D1B700ACDA9B /* AnimatedCheckButton */ = {
			isa = PBXGroup;
			children = (
				C0A316161D41C69200C1F2A2 /* AnimatedCheckButton.swift */,
			);
			name = AnimatedCheckButton;
			sourceTree = "<group>";
		};
		C0A315DC1D41C66F00C1F2A2 = {
			isa = PBXGroup;
			children = (
				C0A315E71D41C66F00C1F2A2 /* AnimatedCheckButton-Demo */,
				C04057B01D45D1B700ACDA9B /* AnimatedCheckButton */,
				C0A315E61D41C66F00C1F2A2 /* Products */,
			);
			sourceTree = "<group>";
		};
		C0A315E61D41C66F00C1F2A2 /* Products */ = {
			isa = PBXGroup;
			children = (
				C0A315E51D41C66F00C1F2A2 /* AnimatedCheckButton.app */,
			);
			name = Products;
			sourceTree = "<group>";
		};
		C0A315E71D41C66F00C1F2A2 /* AnimatedCheckButton-Demo */ = {
			isa = PBXGroup;
			children = (
				C0A315E81D41C66F00C1F2A2 /* AppDelegate.swift */,
				C0A315EA1D41C66F00C1F2A2 /* ViewController.swift */,
				C0A315EC1D41C66F00C1F2A2 /* Main.storyboard */,
				C0A315EF1D41C66F00C1F2A2 /* Assets.xcassets */,
				C0A315F11D41C66F00C1F2A2 /* LaunchScreen.storyboard */,
				C0A315F41D41C66F00C1F2A2 /* Info.plist */,
			);
			name = "AnimatedCheckButton-Demo";
			path = AnimatedCheckButton;
			sourceTree = "<group>";
		};
/* End PBXGroup section */

/* Begin PBXNativeTarget section */
		C0A315E41D41C66F00C1F2A2 /* AnimatedCheckButton */ = {
			isa = PBXNativeTarget;
			buildConfigurationList = C0A3160D1D41C67000C1F2A2 /* Build configuration list for PBXNativeTarget "AnimatedCheckButton" */;
			buildPhases = (
				C0A315E11D41C66F00C1F2A2 /* Sources */,
				C0A315E21D41C66F00C1F2A2 /* Frameworks */,
				C0A315E31D41C66F00C1F2A2 /* Resources */,
			);
			buildRules = (
			);
			dependencies = (
			);
			name = AnimatedCheckButton;
			productName = AnimatedCheckButton;
			productReference = C0A315E51D41C66F00C1F2A2 /* AnimatedCheckButton.app */;
			productType = "com.apple.product-type.application";
		};
/* End PBXNativeTarget section */

/* Begin PBXProject section */
		C0A315DD1D41C66F00C1F2A2 /* Project object */ = {
			isa = PBXProject;
			attributes = {
				LastSwiftUpdateCheck = 0730;
				LastUpgradeCheck = 0730;
				ORGANIZATIONNAME = shou;
				TargetAttributes = {
					C0A315E41D41C66F00C1F2A2 = {
						CreatedOnToolsVersion = 7.3;
					};
				};
			};
			buildConfigurationList = C0A315E01D41C66F00C1F2A2 /* Build configuration list for PBXProject "AnimatedCheckButton" */;
			compatibilityVersion = "Xcode 3.2";
			developmentRegion = English;
			hasScannedForEncodings = 0;
			knownRegions = (
				en,
				Base,
			);
			mainGroup = C0A315DC1D41C66F00C1F2A2;
			productRefGroup = C0A315E61D41C66F00C1F2A2 /* Products */;
			projectDirPath = "";
			projectRoot = "";
			targets = (
				C0A315E41D41C66F00C1F2A2 /* AnimatedCheckButton */,
			);
		};
/* End PBXProject section */

/* Begin PBXResourcesBuildPhase section */
		C0A315E31D41C66F00C1F2A2 /* Resources */ = {
			isa = PBXResourcesBuildPhase;
			buildActionMask = 2147483647;
			files = (
				C0A315F31D41C66F00C1F2A2 /* LaunchScreen.storyboard in Resources */,
				C0A315F01D41C66F00C1F2A2 /* Assets.xcassets in Resources */,
				C0A315EE1D41C66F00C1F2A2 /* Main.storyboard in Resources */,
			);
			runOnlyForDeploymentPostprocessing = 0;
		};
/* End PBXResourcesBuildPhase section */

/* Begin PBXSourcesBuildPhase section */
		C0A315E11D41C66F00C1F2A2 /* Sources */ = {
			isa = PBXSourcesBuildPhase;
			buildActionMask = 2147483647;
			files = (
				C0A316171D41C69200C1F2A2 /* AnimatedCheckButton.swift in Sources */,
				C0A315EB1D41C66F00C1F2A2 /* ViewController.swift in Sources */,
				C0A315E91D41C66F00C1F2A2 /* AppDelegate.swift in Sources */,
			);
			runOnlyForDeploymentPostprocessing = 0;
		};
/* End PBXSourcesBuildPhase section */

/* Begin PBXVariantGroup section */
		C0A315EC1D41C66F00C1F2A2 /* Main.storyboard */ = {
			isa = PBXVariantGroup;
			children = (
				C0A315ED1D41C66F00C1F2A2 /* Base */,
			);
			name = Main.storyboard;
			sourceTree = "<group>";
		};
		C0A315F11D41C66F00C1F2A2 /* LaunchScreen.storyboard */ = {
			isa = PBXVariantGroup;
			children = (
				C0A315F21D41C66F00C1F2A2 /* Base */,
			);
			name = LaunchScreen.storyboard;
			sourceTree = "<group>";
		};
/* End PBXVariantGroup section */

/* Begin XCBuildConfiguration section */
		C0A3160B1D41C67000C1F2A2 /* Debug */ = {
			isa = XCBuildConfiguration;
			buildSettings = {
				ALWAYS_SEARCH_USER_PATHS = NO;
				CLANG_ANALYZER_NONNULL = YES;
				CLANG_CXX_LANGUAGE_STANDARD = "gnu++0x";
				CLANG_CXX_LIBRARY = "libc++";
				CLANG_ENABLE_MODULES = YES;
				CLANG_ENABLE_OBJC_ARC = YES;
				CLANG_WARN_BOOL_CONVERSION = YES;
				CLANG_WARN_CONSTANT_CONVERSION = YES;
				CLANG_WARN_DIRECT_OBJC_ISA_USAGE = YES_ERROR;
				CLANG_WARN_EMPTY_BODY = YES;
				CLANG_WARN_ENUM_CONVERSION = YES;
				CLANG_WARN_INT_CONVERSION = YES;
				CLANG_WARN_OBJC_ROOT_CLASS = YES_ERROR;
				CLANG_WARN_UNREACHABLE_CODE = YES;
				CLANG_WARN__DUPLICATE_METHOD_MATCH = YES;
				"CODE_SIGN_IDENTITY[sdk=iphoneos*]" = "iPhone Developer";
				COPY_PHASE_STRIP = NO;
				DEBUG_INFORMATION_FORMAT = dwarf;
				ENABLE_STRICT_OBJC_MSGSEND = YES;
				ENABLE_TESTABILITY = YES;
				GCC_C_LANGUAGE_STANDARD = gnu99;
				GCC_DYNAMIC_NO_PIC = NO;
				GCC_NO_COMMON_BLOCKS = YES;
				GCC_OPTIMIZATION_LEVEL = 0;
				GCC_PREPROCESSOR_DEFINITIONS = (
					"DEBUG=1",
					"$(inherited)",
				);
				GCC_WARN_64_TO_32_BIT_CONVERSION = YES;
				GCC_WARN_ABOUT_RETURN_TYPE = YES_ERROR;
				GCC_WARN_UNDECLARED_SELECTOR = YES;
				GCC_WARN_UNINITIALIZED_AUTOS = YES_AGGRESSIVE;
				GCC_WARN_UNUSED_FUNCTION = YES;
				GCC_WARN_UNUSED_VARIABLE = YES;
				IPHONEOS_DEPLOYMENT_TARGET = 9.3;
				MTL_ENABLE_DEBUG_INFO = YES;
				ONLY_ACTIVE_ARCH = YES;
				SDKROOT = iphoneos;
				SWIFT_OPTIMIZATION_LEVEL = "-Onone";
				TARGETED_DEVICE_FAMILY = "1,2";
			};
			name = Debug;
		};
		C0A3160C1D41C67000C1F2A2 /* Release */ = {
			isa = XCBuildConfiguration;
			buildSettings = {
				ALWAYS_SEARCH_USER_PATHS = NO;
				CLANG_ANALYZER_NONNULL = YES;
				CLANG_CXX_LANGUAGE_STANDARD = "gnu++0x";
				CLANG_CXX_LIBRARY = "libc++";
				CLANG_ENABLE_MODULES = YES;
				CLANG_ENABLE_OBJC_ARC = YES;
				CLANG_WARN_BOOL_CONVERSION = YES;
				CLANG_WARN_CONSTANT_CONVERSION = YES;
				CLANG_WARN_DIRECT_OBJC_ISA_USAGE = YES_ERROR;
				CLANG_WARN_EMPTY_BODY = YES;
				CLANG_WARN_ENUM_CONVERSION = YES;
				CLANG_WARN_INT_CONVERSION = YES;
				CLANG_WARN_OBJC_ROOT_CLASS = YES_ERROR;
				CLANG_WARN_UNREACHABLE_CODE = YES;
				CLANG_WARN__DUPLICATE_METHOD_MATCH = YES;
				"CODE_SIGN_IDENTITY[sdk=iphoneos*]" = "iPhone Developer";
				COPY_PHASE_STRIP = NO;
				DEBUG_INFORMATION_FORMAT = "dwarf-with-dsym";
				ENABLE_NS_ASSERTIONS = NO;
				ENABLE_STRICT_OBJC_MSGSEND = YES;
				GCC_C_LANGUAGE_STANDARD = gnu99;
				GCC_NO_COMMON_BLOCKS = YES;
				GCC_WARN_64_TO_32_BIT_CONVERSION = YES;
				GCC_WARN_ABOUT_RETURN_TYPE = YES_ERROR;
				GCC_WARN_UNDECLARED_SELECTOR = YES;
				GCC_WARN_UNINITIALIZED_AUTOS = YES_AGGRESSIVE;
				GCC_WARN_UNUSED_FUNCTION = YES;
				GCC_WARN_UNUSED_VARIABLE = YES;
				IPHONEOS_DEPLOYMENT_TARGET = 9.3;
				MTL_ENABLE_DEBUG_INFO = NO;
				SDKROOT = iphoneos;
				TARGETED_DEVICE_FAMILY = "1,2";
				VALIDATE_PRODUCT = YES;
			};
			name = Release;
		};
		C0A3160E1D41C67000C1F2A2 /* Debug */ = {
			isa = XCBuildConfiguration;
			buildSettings = {
				ASSETCATALOG_COMPILER_APPICON_NAME = AppIcon;
				INFOPLIST_FILE = AnimatedCheckButton/Info.plist;
				LD_RUNPATH_SEARCH_PATHS = "$(inherited) @executable_path/Frameworks";
				PRODUCT_BUNDLE_IDENTIFIER = shou.com.AnimatedCheckButton;
				PRODUCT_NAME = "$(TARGET_NAME)";
			};
			name = Debug;
		};
		C0A3160F1D41C67000C1F2A2 /* Release */ = {
			isa = XCBuildConfiguration;
			buildSettings = {
				ASSETCATALOG_COMPILER_APPICON_NAME = AppIcon;
				INFOPLIST_FILE = AnimatedCheckButton/Info.plist;
				LD_RUNPATH_SEARCH_PATHS = "$(inherited) @executable_path/Frameworks";
				PRODUCT_BUNDLE_IDENTIFIER = shou.com.AnimatedCheckButton;
				PRODUCT_NAME = "$(TARGET_NAME)";
			};
			name = Release;
		};
/* End XCBuildConfiguration section */

/* Begin XCConfigurationList section */
		C0A315E01D41C66F00C1F2A2 /* Build configuration list for PBXProject "AnimatedCheckButton" */ = {
			isa = XCConfigurationList;
			buildConfigurations = (
				C0A3160B1D41C67000C1F2A2 /* Debug */,
				C0A3160C1D41C67000C1F2A2 /* Release */,
			);
			defaultConfigurationIsVisible = 0;
			defaultConfigurationName = Release;
		};
		C0A3160D1D41C67000C1F2A2 /* Build configuration list for PBXNativeTarget "AnimatedCheckButton" */ = {
			isa = XCConfigurationList;
			buildConfigurations = (
				C0A3160E1D41C67000C1F2A2 /* Debug */,
				C0A3160F1D41C67000C1F2A2 /* Release */,
			);
			defaultConfigurationIsVisible = 0;
			defaultConfigurationName = Release;
		};
/* End XCConfigurationList section */
	};
	rootObject = C0A315DD1D41C66F00C1F2A2 /* Project object */;
}
